// !$*UTF8*$!
{
	archiveVersion = 1;
	classes = {
	};
	objectVersion = 46;
	objects = {

/* Begin PBXBuildFile section */
		1623A70072B43E0F114DC56B /* Pods_Filla.framework in Frameworks */ = {isa = PBXBuildFile; fileRef = 6F8FA377D5D2C935C113BEB5 /* Pods_Filla.framework */; };
		592663361D6B836E009A77DD /* LoginViewController.swift in Sources */ = {isa = PBXBuildFile; fileRef = 592663351D6B836E009A77DD /* LoginViewController.swift */; };
		592663381D6B83F9009A77DD /* LoginConfigurator.swift in Sources */ = {isa = PBXBuildFile; fileRef = 592663371D6B83F9009A77DD /* LoginConfigurator.swift */; };
		5926633C1D6B863F009A77DD /* Login.swift in Sources */ = {isa = PBXBuildFile; fileRef = 5926633B1D6B863F009A77DD /* Login.swift */; };
		592663451D6B8937009A77DD /* LoginSegueHandler+Extension.swift in Sources */ = {isa = PBXBuildFile; fileRef = 592663441D6B8937009A77DD /* LoginSegueHandler+Extension.swift */; };
		592663471D6B8D89009A77DD /* AuthenticationManager.swift in Sources */ = {isa = PBXBuildFile; fileRef = 592663461D6B8D89009A77DD /* AuthenticationManager.swift */; };
		5930EEF71D6B9CAA0017FB0A /* LoginRouter.swift in Sources */ = {isa = PBXBuildFile; fileRef = 5930EEF41D6B9CAA0017FB0A /* LoginRouter.swift */; };
		5930EEF81D6B9CAA0017FB0A /* LoginSegueHandler.swift in Sources */ = {isa = PBXBuildFile; fileRef = 5930EEF51D6B9CAA0017FB0A /* LoginSegueHandler.swift */; };
		5930EEFC1D6BA0020017FB0A /* LoginInteractor.swift in Sources */ = {isa = PBXBuildFile; fileRef = 5930EEFB1D6BA0020017FB0A /* LoginInteractor.swift */; };
		5930EF001D6BB2DD0017FB0A /* Localizable.strings in Resources */ = {isa = PBXBuildFile; fileRef = 5930EEFF1D6BB2DD0017FB0A /* Localizable.strings */; };
		5930EF021D6BB4B70017FB0A /* String+Extension.swift in Sources */ = {isa = PBXBuildFile; fileRef = 5930EF011D6BB4B70017FB0A /* String+Extension.swift */; };
		598AADB91D6B423A009910BC /* splash-screen.png in Resources */ = {isa = PBXBuildFile; fileRef = 598AADB81D6B423A009910BC /* splash-screen.png */; };
		598AADBE1D6B4553009910BC /* UIColor+Extension.swift in Sources */ = {isa = PBXBuildFile; fileRef = 598AADBD1D6B4553009910BC /* UIColor+Extension.swift */; };
		598AADDC1D6B6E25009910BC /* LoginInitializer.swift in Sources */ = {isa = PBXBuildFile; fileRef = 598AADD21D6B6E25009910BC /* LoginInitializer.swift */; };
		598AADDD1D6B6E25009910BC /* User.swift in Sources */ = {isa = PBXBuildFile; fileRef = 598AADD51D6B6E25009910BC /* User.swift */; };
		598AADDE1D6B6E25009910BC /* LoginScenario.swift in Sources */ = {isa = PBXBuildFile; fileRef = 598AADD91D6B6E25009910BC /* LoginScenario.swift */; };
		598AADDF1D6B6E25009910BC /* LoginServices.swift in Sources */ = {isa = PBXBuildFile; fileRef = 598AADDA1D6B6E25009910BC /* LoginServices.swift */; };
		59BA73601D6B25A400DB9FF9 /* AppDelegate.swift in Sources */ = {isa = PBXBuildFile; fileRef = 59BA735F1D6B25A400DB9FF9 /* AppDelegate.swift */; };
		59BA73621D6B25A400DB9FF9 /* LandingViewController.swift in Sources */ = {isa = PBXBuildFile; fileRef = 59BA73611D6B25A400DB9FF9 /* LandingViewController.swift */; };
		59BA73651D6B25A800DB9FF9 /* Main.storyboard in Resources */ = {isa = PBXBuildFile; fileRef = 59BA73631D6B25A800DB9FF9 /* Main.storyboard */; };
		59BA73681D6B25A800DB9FF9 /* Filla.xcdatamodeld in Sources */ = {isa = PBXBuildFile; fileRef = 59BA73661D6B25A800DB9FF9 /* Filla.xcdatamodeld */; };
		59BA736A1D6B25A800DB9FF9 /* Assets.xcassets in Resources */ = {isa = PBXBuildFile; fileRef = 59BA73691D6B25A800DB9FF9 /* Assets.xcassets */; };
		59BA736D1D6B25A800DB9FF9 /* LaunchScreen.storyboard in Resources */ = {isa = PBXBuildFile; fileRef = 59BA736B1D6B25A800DB9FF9 /* LaunchScreen.storyboard */; };
		59BA73781D6B25A800DB9FF9 /* FillaTests.swift in Sources */ = {isa = PBXBuildFile; fileRef = 59BA73771D6B25A800DB9FF9 /* FillaTests.swift */; };
		59BA73831D6B25A800DB9FF9 /* FillaUITests.swift in Sources */ = {isa = PBXBuildFile; fileRef = 59BA73821D6B25A800DB9FF9 /* FillaUITests.swift */; };
		59D836C91D6C6D4200339BFE /* LoginTest.swift in Sources */ = {isa = PBXBuildFile; fileRef = 59D836C81D6C6D4200339BFE /* LoginTest.swift */; };
		59D836CB1D6C6DEC00339BFE /* LoginViewControllerTest.swift in Sources */ = {isa = PBXBuildFile; fileRef = 59D836CA1D6C6DEC00339BFE /* LoginViewControllerTest.swift */; };
		59D836DB1D6D358B00339BFE /* LoginInputValidationDelegate.swift in Sources */ = {isa = PBXBuildFile; fileRef = 59D836DA1D6D358B00339BFE /* LoginInputValidationDelegate.swift */; };
		EEF1B2C354E0E54DEBDA4244 /* Pods_FillaTests.framework in Frameworks */ = {isa = PBXBuildFile; fileRef = 35383EAC8C3EAA9E12BD9A95 /* Pods_FillaTests.framework */; };
/* End PBXBuildFile section */

/* Begin PBXContainerItemProxy section */
		59BA73741D6B25A800DB9FF9 /* PBXContainerItemProxy */ = {
			isa = PBXContainerItemProxy;
			containerPortal = 59BA73541D6B25A400DB9FF9 /* Project object */;
			proxyType = 1;
			remoteGlobalIDString = 59BA735B1D6B25A400DB9FF9;
			remoteInfo = Filla;
		};
		59BA737F1D6B25A800DB9FF9 /* PBXContainerItemProxy */ = {
			isa = PBXContainerItemProxy;
			containerPortal = 59BA73541D6B25A400DB9FF9 /* Project object */;
			proxyType = 1;
			remoteGlobalIDString = 59BA735B1D6B25A400DB9FF9;
			remoteInfo = Filla;
		};
/* End PBXContainerItemProxy section */

/* Begin PBXFileReference section */
		26391496025F7AE44B5B1605 /* Pods-Filla.debug.xcconfig */ = {isa = PBXFileReference; includeInIndex = 1; lastKnownFileType = text.xcconfig; name = "Pods-Filla.debug.xcconfig"; path = "Pods/Target Support Files/Pods-Filla/Pods-Filla.debug.xcconfig"; sourceTree = "<group>"; };
		35383EAC8C3EAA9E12BD9A95 /* Pods_FillaTests.framework */ = {isa = PBXFileReference; explicitFileType = wrapper.framework; includeInIndex = 0; path = Pods_FillaTests.framework; sourceTree = BUILT_PRODUCTS_DIR; };
		592663351D6B836E009A77DD /* LoginViewController.swift */ = {isa = PBXFileReference; fileEncoding = 4; lastKnownFileType = sourcecode.swift; path = LoginViewController.swift; sourceTree = "<group>"; };
		592663371D6B83F9009A77DD /* LoginConfigurator.swift */ = {isa = PBXFileReference; fileEncoding = 4; lastKnownFileType = sourcecode.swift; path = LoginConfigurator.swift; sourceTree = "<group>"; };
		5926633B1D6B863F009A77DD /* Login.swift */ = {isa = PBXFileReference; fileEncoding = 4; lastKnownFileType = sourcecode.swift; path = Login.swift; sourceTree = "<group>"; };
		592663441D6B8937009A77DD /* LoginSegueHandler+Extension.swift */ = {isa = PBXFileReference; fileEncoding = 4; lastKnownFileType = sourcecode.swift; name = "LoginSegueHandler+Extension.swift"; path = "../../LoginSegueHandler+Extension.swift"; sourceTree = "<group>"; };
		592663461D6B8D89009A77DD /* AuthenticationManager.swift */ = {isa = PBXFileReference; fileEncoding = 4; lastKnownFileType = sourcecode.swift; path = AuthenticationManager.swift; sourceTree = "<group>"; };
		5930EEF41D6B9CAA0017FB0A /* LoginRouter.swift */ = {isa = PBXFileReference; fileEncoding = 4; lastKnownFileType = sourcecode.swift; path = LoginRouter.swift; sourceTree = "<group>"; };
		5930EEF51D6B9CAA0017FB0A /* LoginSegueHandler.swift */ = {isa = PBXFileReference; fileEncoding = 4; lastKnownFileType = sourcecode.swift; path = LoginSegueHandler.swift; sourceTree = "<group>"; };
		5930EEFB1D6BA0020017FB0A /* LoginInteractor.swift */ = {isa = PBXFileReference; fileEncoding = 4; lastKnownFileType = sourcecode.swift; path = LoginInteractor.swift; sourceTree = "<group>"; };
		5930EEFF1D6BB2DD0017FB0A /* Localizable.strings */ = {isa = PBXFileReference; fileEncoding = 4; lastKnownFileType = text.plist.strings; path = Localizable.strings; sourceTree = "<group>"; };
		5930EF011D6BB4B70017FB0A /* String+Extension.swift */ = {isa = PBXFileReference; fileEncoding = 4; lastKnownFileType = sourcecode.swift; path = "String+Extension.swift"; sourceTree = "<group>"; };
		598AADB81D6B423A009910BC /* splash-screen.png */ = {isa = PBXFileReference; lastKnownFileType = image.png; path = "splash-screen.png"; sourceTree = "<group>"; };
		598AADBD1D6B4553009910BC /* UIColor+Extension.swift */ = {isa = PBXFileReference; fileEncoding = 4; lastKnownFileType = sourcecode.swift; path = "UIColor+Extension.swift"; sourceTree = "<group>"; };
		598AADD21D6B6E25009910BC /* LoginInitializer.swift */ = {isa = PBXFileReference; fileEncoding = 4; lastKnownFileType = sourcecode.swift; path = LoginInitializer.swift; sourceTree = "<group>"; };
		598AADD51D6B6E25009910BC /* User.swift */ = {isa = PBXFileReference; fileEncoding = 4; lastKnownFileType = sourcecode.swift; path = User.swift; sourceTree = "<group>"; };
		598AADD91D6B6E25009910BC /* LoginScenario.swift */ = {isa = PBXFileReference; fileEncoding = 4; lastKnownFileType = sourcecode.swift; path = LoginScenario.swift; sourceTree = "<group>"; };
		598AADDA1D6B6E25009910BC /* LoginServices.swift */ = {isa = PBXFileReference; fileEncoding = 4; lastKnownFileType = sourcecode.swift; path = LoginServices.swift; sourceTree = "<group>"; };
		59BA735C1D6B25A400DB9FF9 /* Filla.app */ = {isa = PBXFileReference; explicitFileType = wrapper.application; includeInIndex = 0; path = Filla.app; sourceTree = BUILT_PRODUCTS_DIR; };
		59BA735F1D6B25A400DB9FF9 /* AppDelegate.swift */ = {isa = PBXFileReference; lastKnownFileType = sourcecode.swift; path = AppDelegate.swift; sourceTree = "<group>"; };
		59BA73611D6B25A400DB9FF9 /* LandingViewController.swift */ = {isa = PBXFileReference; lastKnownFileType = sourcecode.swift; path = LandingViewController.swift; sourceTree = "<group>"; };
		59BA73641D6B25A800DB9FF9 /* Base */ = {isa = PBXFileReference; lastKnownFileType = file.storyboard; name = Base; path = Base.lproj/Main.storyboard; sourceTree = "<group>"; };
		59BA73671D6B25A800DB9FF9 /* Filla.xcdatamodel */ = {isa = PBXFileReference; lastKnownFileType = wrapper.xcdatamodel; path = Filla.xcdatamodel; sourceTree = "<group>"; };
		59BA73691D6B25A800DB9FF9 /* Assets.xcassets */ = {isa = PBXFileReference; lastKnownFileType = folder.assetcatalog; path = Assets.xcassets; sourceTree = "<group>"; };
		59BA736C1D6B25A800DB9FF9 /* Base */ = {isa = PBXFileReference; lastKnownFileType = file.storyboard; name = Base; path = Base.lproj/LaunchScreen.storyboard; sourceTree = "<group>"; };
		59BA736E1D6B25A800DB9FF9 /* Info.plist */ = {isa = PBXFileReference; lastKnownFileType = text.plist.xml; path = Info.plist; sourceTree = "<group>"; };
		59BA73731D6B25A800DB9FF9 /* FillaTests.xctest */ = {isa = PBXFileReference; explicitFileType = wrapper.cfbundle; includeInIndex = 0; path = FillaTests.xctest; sourceTree = BUILT_PRODUCTS_DIR; };
		59BA73771D6B25A800DB9FF9 /* FillaTests.swift */ = {isa = PBXFileReference; lastKnownFileType = sourcecode.swift; path = FillaTests.swift; sourceTree = "<group>"; };
		59BA73791D6B25A800DB9FF9 /* Info.plist */ = {isa = PBXFileReference; lastKnownFileType = text.plist.xml; path = Info.plist; sourceTree = "<group>"; };
		59BA737E1D6B25A800DB9FF9 /* FillaUITests.xctest */ = {isa = PBXFileReference; explicitFileType = wrapper.cfbundle; includeInIndex = 0; path = FillaUITests.xctest; sourceTree = BUILT_PRODUCTS_DIR; };
		59BA73821D6B25A800DB9FF9 /* FillaUITests.swift */ = {isa = PBXFileReference; lastKnownFileType = sourcecode.swift; path = FillaUITests.swift; sourceTree = "<group>"; };
		59BA73841D6B25A800DB9FF9 /* Info.plist */ = {isa = PBXFileReference; lastKnownFileType = text.plist.xml; path = Info.plist; sourceTree = "<group>"; };
		59D836C81D6C6D4200339BFE /* LoginTest.swift */ = {isa = PBXFileReference; fileEncoding = 4; lastKnownFileType = sourcecode.swift; path = LoginTest.swift; sourceTree = "<group>"; };
		59D836CA1D6C6DEC00339BFE /* LoginViewControllerTest.swift */ = {isa = PBXFileReference; fileEncoding = 4; lastKnownFileType = sourcecode.swift; path = LoginViewControllerTest.swift; sourceTree = "<group>"; };
		59D836DA1D6D358B00339BFE /* LoginInputValidationDelegate.swift */ = {isa = PBXFileReference; fileEncoding = 4; lastKnownFileType = sourcecode.swift; path = LoginInputValidationDelegate.swift; sourceTree = "<group>"; };
		6F8FA377D5D2C935C113BEB5 /* Pods_Filla.framework */ = {isa = PBXFileReference; explicitFileType = wrapper.framework; includeInIndex = 0; path = Pods_Filla.framework; sourceTree = BUILT_PRODUCTS_DIR; };
		8FA9C7902D0131BE712FBF52 /* Pods-FillaTests.debug.xcconfig */ = {isa = PBXFileReference; includeInIndex = 1; lastKnownFileType = text.xcconfig; name = "Pods-FillaTests.debug.xcconfig"; path = "Pods/Target Support Files/Pods-FillaTests/Pods-FillaTests.debug.xcconfig"; sourceTree = "<group>"; };
		954177CF8171736CC3080EB3 /* Pods-FillaTests.release.xcconfig */ = {isa = PBXFileReference; includeInIndex = 1; lastKnownFileType = text.xcconfig; name = "Pods-FillaTests.release.xcconfig"; path = "Pods/Target Support Files/Pods-FillaTests/Pods-FillaTests.release.xcconfig"; sourceTree = "<group>"; };
		CF746E871D7CCC0F5486ABB7 /* Pods-Filla.release.xcconfig */ = {isa = PBXFileReference; includeInIndex = 1; lastKnownFileType = text.xcconfig; name = "Pods-Filla.release.xcconfig"; path = "Pods/Target Support Files/Pods-Filla/Pods-Filla.release.xcconfig"; sourceTree = "<group>"; };
/* End PBXFileReference section */

/* Begin PBXFrameworksBuildPhase section */
		59BA73591D6B25A400DB9FF9 /* Frameworks */ = {
			isa = PBXFrameworksBuildPhase;
			buildActionMask = 2147483647;
			files = (
				1623A70072B43E0F114DC56B /* Pods_Filla.framework in Frameworks */,
			);
			runOnlyForDeploymentPostprocessing = 0;
		};
		59BA73701D6B25A800DB9FF9 /* Frameworks */ = {
			isa = PBXFrameworksBuildPhase;
			buildActionMask = 2147483647;
			files = (
				EEF1B2C354E0E54DEBDA4244 /* Pods_FillaTests.framework in Frameworks */,
			);
			runOnlyForDeploymentPostprocessing = 0;
		};
		59BA737B1D6B25A800DB9FF9 /* Frameworks */ = {
			isa = PBXFrameworksBuildPhase;
			buildActionMask = 2147483647;
			files = (
			);
			runOnlyForDeploymentPostprocessing = 0;
		};
/* End PBXFrameworksBuildPhase section */

/* Begin PBXGroup section */
		592663431D6B88FB009A77DD /* utils */ = {
			isa = PBXGroup;
			children = (
			);
			path = utils;
			sourceTree = "<group>";
		};
		5930EEF11D6B983E0017FB0A /* extensions */ = {
			isa = PBXGroup;
			children = (
				592663441D6B8937009A77DD /* LoginSegueHandler+Extension.swift */,
			);
			path = extensions;
			sourceTree = "<group>";
		};
		5930EEF31D6B9CAA0017FB0A /* routing */ = {
			isa = PBXGroup;
			children = (
				5930EEF41D6B9CAA0017FB0A /* LoginRouter.swift */,
				5930EEF51D6B9CAA0017FB0A /* LoginSegueHandler.swift */,
			);
			path = routing;
			sourceTree = "<group>";
		};
		5930EEFA1D6BA0020017FB0A /* interactor */ = {
			isa = PBXGroup;
			children = (
				5930EEFB1D6BA0020017FB0A /* LoginInteractor.swift */,
			);
			path = interactor;
			sourceTree = "<group>";
		};
		598AADB71D6B423A009910BC /* assets */ = {
			isa = PBXGroup;
			children = (
				598AADB81D6B423A009910BC /* splash-screen.png */,
				5930EEFF1D6BB2DD0017FB0A /* Localizable.strings */,
			);
			path = assets;
			sourceTree = "<group>";
		};
		598AADBC1D6B4522009910BC /* extensions */ = {
			isa = PBXGroup;
			children = (
				598AADBD1D6B4553009910BC /* UIColor+Extension.swift */,
				5930EF011D6BB4B70017FB0A /* String+Extension.swift */,
			);
			name = extensions;
			sourceTree = "<group>";
		};
		598AADBF1D6B5D4C009910BC /* modules */ = {
			isa = PBXGroup;
			children = (
				598AADD01D6B6E25009910BC /* Login */,
			);
			name = modules;
			sourceTree = "<group>";
		};
		598AADD01D6B6E25009910BC /* Login */ = {
			isa = PBXGroup;
			children = (
				5930EEFA1D6BA0020017FB0A /* interactor */,
				5930EEF31D6B9CAA0017FB0A /* routing */,
				5930EEF11D6B983E0017FB0A /* extensions */,
				598AADD11D6B6E25009910BC /* config */,
				598AADD31D6B6E25009910BC /* datamanager */,
				598AADD41D6B6E25009910BC /* entities */,
				598AADD71D6B6E25009910BC /* presenter */,
				598AADD81D6B6E25009910BC /* protocols */,
				598AADDB1D6B6E25009910BC /* view */,
			);
			path = Login;
			sourceTree = "<group>";
		};
		598AADD11D6B6E25009910BC /* config */ = {
			isa = PBXGroup;
			children = (
				598AADD21D6B6E25009910BC /* LoginInitializer.swift */,
				592663371D6B83F9009A77DD /* LoginConfigurator.swift */,
			);
			path = config;
			sourceTree = "<group>";
		};
		598AADD31D6B6E25009910BC /* datamanager */ = {
			isa = PBXGroup;
			children = (
				592663461D6B8D89009A77DD /* AuthenticationManager.swift */,
			);
			path = datamanager;
			sourceTree = "<group>";
		};
		598AADD41D6B6E25009910BC /* entities */ = {
			isa = PBXGroup;
			children = (
				598AADD51D6B6E25009910BC /* User.swift */,
			);
			path = entities;
			sourceTree = "<group>";
		};
		598AADD71D6B6E25009910BC /* presenter */ = {
			isa = PBXGroup;
			children = (
				5926633B1D6B863F009A77DD /* Login.swift */,
			);
			path = presenter;
			sourceTree = "<group>";
		};
		598AADD81D6B6E25009910BC /* protocols */ = {
			isa = PBXGroup;
			children = (
				598AADD91D6B6E25009910BC /* LoginScenario.swift */,
				598AADDA1D6B6E25009910BC /* LoginServices.swift */,
			);
			path = protocols;
			sourceTree = "<group>";
		};
		598AADDB1D6B6E25009910BC /* view */ = {
			isa = PBXGroup;
			children = (
				592663351D6B836E009A77DD /* LoginViewController.swift */,
				59D836DA1D6D358B00339BFE /* LoginInputValidationDelegate.swift */,
			);
			path = view;
			sourceTree = "<group>";
		};
		59BA73531D6B25A400DB9FF9 = {
			isa = PBXGroup;
			children = (
				59BA735E1D6B25A400DB9FF9 /* Filla */,
				59BA73761D6B25A800DB9FF9 /* FillaTests */,
				59BA73811D6B25A800DB9FF9 /* FillaUITests */,
				59BA735D1D6B25A400DB9FF9 /* Products */,
				90F77A9EFB4725350B7E7039 /* Pods */,
				D12BD3E1190772BD527D6E00 /* Frameworks */,
			);
			sourceTree = "<group>";
		};
		59BA735D1D6B25A400DB9FF9 /* Products */ = {
			isa = PBXGroup;
			children = (
				59BA735C1D6B25A400DB9FF9 /* Filla.app */,
				59BA73731D6B25A800DB9FF9 /* FillaTests.xctest */,
				59BA737E1D6B25A800DB9FF9 /* FillaUITests.xctest */,
			);
			name = Products;
			sourceTree = "<group>";
		};
		59BA735E1D6B25A400DB9FF9 /* Filla */ = {
			isa = PBXGroup;
			children = (
				592663431D6B88FB009A77DD /* utils */,
				598AADBF1D6B5D4C009910BC /* modules */,
				598AADBC1D6B4522009910BC /* extensions */,
				598AADB71D6B423A009910BC /* assets */,
				59BA735F1D6B25A400DB9FF9 /* AppDelegate.swift */,
				59BA73611D6B25A400DB9FF9 /* LandingViewController.swift */,
				59BA73631D6B25A800DB9FF9 /* Main.storyboard */,
				59BA73691D6B25A800DB9FF9 /* Assets.xcassets */,
				59BA736B1D6B25A800DB9FF9 /* LaunchScreen.storyboard */,
				59BA736E1D6B25A800DB9FF9 /* Info.plist */,
				59BA73661D6B25A800DB9FF9 /* Filla.xcdatamodeld */,
			);
			path = Filla;
			sourceTree = "<group>";
		};
		59BA73761D6B25A800DB9FF9 /* FillaTests */ = {
			isa = PBXGroup;
			children = (
				59BA73771D6B25A800DB9FF9 /* FillaTests.swift */,
				59BA73791D6B25A800DB9FF9 /* Info.plist */,
				59D836C81D6C6D4200339BFE /* LoginTest.swift */,
				59D836CA1D6C6DEC00339BFE /* LoginViewControllerTest.swift */,
			);
			path = FillaTests;
			sourceTree = "<group>";
		};
		59BA73811D6B25A800DB9FF9 /* FillaUITests */ = {
			isa = PBXGroup;
			children = (
				59BA73821D6B25A800DB9FF9 /* FillaUITests.swift */,
				59BA73841D6B25A800DB9FF9 /* Info.plist */,
			);
			path = FillaUITests;
			sourceTree = "<group>";
		};
		90F77A9EFB4725350B7E7039 /* Pods */ = {
			isa = PBXGroup;
			children = (
				26391496025F7AE44B5B1605 /* Pods-Filla.debug.xcconfig */,
				CF746E871D7CCC0F5486ABB7 /* Pods-Filla.release.xcconfig */,
				8FA9C7902D0131BE712FBF52 /* Pods-FillaTests.debug.xcconfig */,
				954177CF8171736CC3080EB3 /* Pods-FillaTests.release.xcconfig */,
			);
			name = Pods;
			sourceTree = "<group>";
		};
		D12BD3E1190772BD527D6E00 /* Frameworks */ = {
			isa = PBXGroup;
			children = (
				6F8FA377D5D2C935C113BEB5 /* Pods_Filla.framework */,
				35383EAC8C3EAA9E12BD9A95 /* Pods_FillaTests.framework */,
			);
			name = Frameworks;
			sourceTree = "<group>";
		};
/* End PBXGroup section */

/* Begin PBXNativeTarget section */
		59BA735B1D6B25A400DB9FF9 /* Filla */ = {
			isa = PBXNativeTarget;
			buildConfigurationList = 59BA73871D6B25A800DB9FF9 /* Build configuration list for PBXNativeTarget "Filla" */;
			buildPhases = (
				26431BF1078B3194B5E85249 /* Check Pods Manifest.lock */,
				59BA73581D6B25A400DB9FF9 /* Sources */,
				59BA73591D6B25A400DB9FF9 /* Frameworks */,
				59BA735A1D6B25A400DB9FF9 /* Resources */,
				416CFD3752B08B0A56594EA2 /* Embed Pods Frameworks */,
				AB0EBFAE6B897861780821F4 /* Copy Pods Resources */,
				598AADB31D6B3549009910BC /* ShellScript */,
			);
			buildRules = (
			);
			dependencies = (
			);
			name = Filla;
			productName = Filla;
			productReference = 59BA735C1D6B25A400DB9FF9 /* Filla.app */;
			productType = "com.apple.product-type.application";
		};
		59BA73721D6B25A800DB9FF9 /* FillaTests */ = {
			isa = PBXNativeTarget;
			buildConfigurationList = 59BA738A1D6B25A800DB9FF9 /* Build configuration list for PBXNativeTarget "FillaTests" */;
			buildPhases = (
				28A3AF689086AE42960BB582 /* Check Pods Manifest.lock */,
				59BA736F1D6B25A800DB9FF9 /* Sources */,
				59BA73701D6B25A800DB9FF9 /* Frameworks */,
				59BA73711D6B25A800DB9FF9 /* Resources */,
				603D6C015F05C718B297EDAD /* Embed Pods Frameworks */,
				1E79D9B55A418E8EF3C1CE82 /* Copy Pods Resources */,
			);
			buildRules = (
			);
			dependencies = (
				59BA73751D6B25A800DB9FF9 /* PBXTargetDependency */,
			);
			name = FillaTests;
			productName = FillaTests;
			productReference = 59BA73731D6B25A800DB9FF9 /* FillaTests.xctest */;
			productType = "com.apple.product-type.bundle.unit-test";
		};
		59BA737D1D6B25A800DB9FF9 /* FillaUITests */ = {
			isa = PBXNativeTarget;
			buildConfigurationList = 59BA738D1D6B25A800DB9FF9 /* Build configuration list for PBXNativeTarget "FillaUITests" */;
			buildPhases = (
				59BA737A1D6B25A800DB9FF9 /* Sources */,
				59BA737B1D6B25A800DB9FF9 /* Frameworks */,
				59BA737C1D6B25A800DB9FF9 /* Resources */,
			);
			buildRules = (
			);
			dependencies = (
				59BA73801D6B25A800DB9FF9 /* PBXTargetDependency */,
			);
			name = FillaUITests;
			productName = FillaUITests;
			productReference = 59BA737E1D6B25A800DB9FF9 /* FillaUITests.xctest */;
			productType = "com.apple.product-type.bundle.ui-testing";
		};
/* End PBXNativeTarget section */

/* Begin PBXProject section */
		59BA73541D6B25A400DB9FF9 /* Project object */ = {
			isa = PBXProject;
			attributes = {
				LastSwiftUpdateCheck = 0720;
				LastUpgradeCheck = 0720;
				ORGANIZATIONNAME = "Giorgio Natili";
				TargetAttributes = {
					59BA735B1D6B25A400DB9FF9 = {
						CreatedOnToolsVersion = 7.2;
					};
					59BA73721D6B25A800DB9FF9 = {
						CreatedOnToolsVersion = 7.2;
						TestTargetID = 59BA735B1D6B25A400DB9FF9;
					};
					59BA737D1D6B25A800DB9FF9 = {
						CreatedOnToolsVersion = 7.2;
						TestTargetID = 59BA735B1D6B25A400DB9FF9;
					};
				};
			};
			buildConfigurationList = 59BA73571D6B25A400DB9FF9 /* Build configuration list for PBXProject "Filla" */;
			compatibilityVersion = "Xcode 3.2";
			developmentRegion = English;
			hasScannedForEncodings = 0;
			knownRegions = (
				en,
				Base,
			);
			mainGroup = 59BA73531D6B25A400DB9FF9;
			productRefGroup = 59BA735D1D6B25A400DB9FF9 /* Products */;
			projectDirPath = "";
			projectRoot = "";
			targets = (
				59BA735B1D6B25A400DB9FF9 /* Filla */,
				59BA73721D6B25A800DB9FF9 /* FillaTests */,
				59BA737D1D6B25A800DB9FF9 /* FillaUITests */,
			);
		};
/* End PBXProject section */

/* Begin PBXResourcesBuildPhase section */
		59BA735A1D6B25A400DB9FF9 /* Resources */ = {
			isa = PBXResourcesBuildPhase;
			buildActionMask = 2147483647;
			files = (
				598AADB91D6B423A009910BC /* splash-screen.png in Resources */,
				5930EF001D6BB2DD0017FB0A /* Localizable.strings in Resources */,
				59BA736D1D6B25A800DB9FF9 /* LaunchScreen.storyboard in Resources */,
				59BA736A1D6B25A800DB9FF9 /* Assets.xcassets in Resources */,
				59BA73651D6B25A800DB9FF9 /* Main.storyboard in Resources */,
			);
			runOnlyForDeploymentPostprocessing = 0;
		};
		59BA73711D6B25A800DB9FF9 /* Resources */ = {
			isa = PBXResourcesBuildPhase;
			buildActionMask = 2147483647;
			files = (
			);
			runOnlyForDeploymentPostprocessing = 0;
		};
		59BA737C1D6B25A800DB9FF9 /* Resources */ = {
			isa = PBXResourcesBuildPhase;
			buildActionMask = 2147483647;
			files = (
			);
			runOnlyForDeploymentPostprocessing = 0;
		};
/* End PBXResourcesBuildPhase section */

/* Begin PBXShellScriptBuildPhase section */
		1E79D9B55A418E8EF3C1CE82 /* Copy Pods Resources */ = {
			isa = PBXShellScriptBuildPhase;
			buildActionMask = 2147483647;
			files = (
			);
			inputPaths = (
			);
			name = "Copy Pods Resources";
			outputPaths = (
			);
			runOnlyForDeploymentPostprocessing = 0;
			shellPath = /bin/sh;
			shellScript = "\"${SRCROOT}/Pods/Target Support Files/Pods-FillaTests/Pods-FillaTests-resources.sh\"\n";
			showEnvVarsInLog = 0;
		};
		26431BF1078B3194B5E85249 /* Check Pods Manifest.lock */ = {
			isa = PBXShellScriptBuildPhase;
			buildActionMask = 2147483647;
			files = (
			);
			inputPaths = (
			);
			name = "Check Pods Manifest.lock";
			outputPaths = (
			);
			runOnlyForDeploymentPostprocessing = 0;
			shellPath = /bin/sh;
			shellScript = "diff \"${PODS_ROOT}/../Podfile.lock\" \"${PODS_ROOT}/Manifest.lock\" > /dev/null\nif [[ $? != 0 ]] ; then\n    cat << EOM\nerror: The sandbox is not in sync with the Podfile.lock. Run 'pod install' or update your CocoaPods installation.\nEOM\n    exit 1\nfi\n";
			showEnvVarsInLog = 0;
		};
		28A3AF689086AE42960BB582 /* Check Pods Manifest.lock */ = {
			isa = PBXShellScriptBuildPhase;
			buildActionMask = 2147483647;
			files = (
			);
			inputPaths = (
			);
			name = "Check Pods Manifest.lock";
			outputPaths = (
			);
			runOnlyForDeploymentPostprocessing = 0;
			shellPath = /bin/sh;
			shellScript = "diff \"${PODS_ROOT}/../Podfile.lock\" \"${PODS_ROOT}/Manifest.lock\" > /dev/null\nif [[ $? != 0 ]] ; then\n    cat << EOM\nerror: The sandbox is not in sync with the Podfile.lock. Run 'pod install' or update your CocoaPods installation.\nEOM\n    exit 1\nfi\n";
			showEnvVarsInLog = 0;
		};
		416CFD3752B08B0A56594EA2 /* Embed Pods Frameworks */ = {
			isa = PBXShellScriptBuildPhase;
			buildActionMask = 2147483647;
			files = (
			);
			inputPaths = (
			);
			name = "Embed Pods Frameworks";
			outputPaths = (
			);
			runOnlyForDeploymentPostprocessing = 0;
			shellPath = /bin/sh;
			shellScript = "\"${SRCROOT}/Pods/Target Support Files/Pods-Filla/Pods-Filla-frameworks.sh\"\n";
			showEnvVarsInLog = 0;
		};
		598AADB31D6B3549009910BC /* ShellScript */ = {
			isa = PBXShellScriptBuildPhase;
			buildActionMask = 2147483647;
			files = (
			);
			inputPaths = (
			);
			outputPaths = (
			);
			runOnlyForDeploymentPostprocessing = 0;
			shellPath = /bin/sh;
			shellScript = "\"${PODS_ROOT}/Fabric/run\" 499e67f39d7c08c13cdf58902dc3daa4298374f9 fe58603fb3193f876be3c6ab1970c08c93d518964a3851b0490c305bef36eee1";
		};
		603D6C015F05C718B297EDAD /* Embed Pods Frameworks */ = {
			isa = PBXShellScriptBuildPhase;
			buildActionMask = 2147483647;
			files = (
			);
			inputPaths = (
			);
			name = "Embed Pods Frameworks";
			outputPaths = (
			);
			runOnlyForDeploymentPostprocessing = 0;
			shellPath = /bin/sh;
			shellScript = "\"${SRCROOT}/Pods/Target Support Files/Pods-FillaTests/Pods-FillaTests-frameworks.sh\"\n";
			showEnvVarsInLog = 0;
		};
		AB0EBFAE6B897861780821F4 /* Copy Pods Resources */ = {
			isa = PBXShellScriptBuildPhase;
			buildActionMask = 2147483647;
			files = (
			);
			inputPaths = (
			);
			name = "Copy Pods Resources";
			outputPaths = (
			);
			runOnlyForDeploymentPostprocessing = 0;
			shellPath = /bin/sh;
			shellScript = "\"${SRCROOT}/Pods/Target Support Files/Pods-Filla/Pods-Filla-resources.sh\"\n";
			showEnvVarsInLog = 0;
		};
/* End PBXShellScriptBuildPhase section */

/* Begin PBXSourcesBuildPhase section */
		59BA73581D6B25A400DB9FF9 /* Sources */ = {
			isa = PBXSourcesBuildPhase;
			buildActionMask = 2147483647;
			files = (
				5926633C1D6B863F009A77DD /* Login.swift in Sources */,
				592663361D6B836E009A77DD /* LoginViewController.swift in Sources */,
				5930EEF81D6B9CAA0017FB0A /* LoginSegueHandler.swift in Sources */,
				59BA73621D6B25A400DB9FF9 /* LandingViewController.swift in Sources */,
				5930EEFC1D6BA0020017FB0A /* LoginInteractor.swift in Sources */,
				598AADDE1D6B6E25009910BC /* LoginScenario.swift in Sources */,
				59BA73681D6B25A800DB9FF9 /* Filla.xcdatamodeld in Sources */,
				598AADDF1D6B6E25009910BC /* LoginServices.swift in Sources */,
				5930EF021D6BB4B70017FB0A /* String+Extension.swift in Sources */,
				592663451D6B8937009A77DD /* LoginSegueHandler+Extension.swift in Sources */,
				598AADDD1D6B6E25009910BC /* User.swift in Sources */,
				59D836DB1D6D358B00339BFE /* LoginInputValidationDelegate.swift in Sources */,
				5930EEF71D6B9CAA0017FB0A /* LoginRouter.swift in Sources */,
				592663471D6B8D89009A77DD /* AuthenticationManager.swift in Sources */,
				59BA73601D6B25A400DB9FF9 /* AppDelegate.swift in Sources */,
				598AADBE1D6B4553009910BC /* UIColor+Extension.swift in Sources */,
				592663381D6B83F9009A77DD /* LoginConfigurator.swift in Sources */,
				598AADDC1D6B6E25009910BC /* LoginInitializer.swift in Sources */,
			);
			runOnlyForDeploymentPostprocessing = 0;
		};
		59BA736F1D6B25A800DB9FF9 /* Sources */ = {
			isa = PBXSourcesBuildPhase;
			buildActionMask = 2147483647;
			files = (
				59D836CB1D6C6DEC00339BFE /* LoginViewControllerTest.swift in Sources */,
				59BA73781D6B25A800DB9FF9 /* FillaTests.swift in Sources */,
				59D836C91D6C6D4200339BFE /* LoginTest.swift in Sources */,
			);
			runOnlyForDeploymentPostprocessing = 0;
		};
		59BA737A1D6B25A800DB9FF9 /* Sources */ = {
			isa = PBXSourcesBuildPhase;
			buildActionMask = 2147483647;
			files = (
				59BA73831D6B25A800DB9FF9 /* FillaUITests.swift in Sources */,
			);
			runOnlyForDeploymentPostprocessing = 0;
		};
/* End PBXSourcesBuildPhase section */

/* Begin PBXTargetDependency section */
		59BA73751D6B25A800DB9FF9 /* PBXTargetDependency */ = {
			isa = PBXTargetDependency;
			target = 59BA735B1D6B25A400DB9FF9 /* Filla */;
			targetProxy = 59BA73741D6B25A800DB9FF9 /* PBXContainerItemProxy */;
		};
		59BA73801D6B25A800DB9FF9 /* PBXTargetDependency */ = {
			isa = PBXTargetDependency;
			target = 59BA735B1D6B25A400DB9FF9 /* Filla */;
			targetProxy = 59BA737F1D6B25A800DB9FF9 /* PBXContainerItemProxy */;
		};
/* End PBXTargetDependency section */

/* Begin PBXVariantGroup section */
		59BA73631D6B25A800DB9FF9 /* Main.storyboard */ = {
			isa = PBXVariantGroup;
			children = (
				59BA73641D6B25A800DB9FF9 /* Base */,
			);
			name = Main.storyboard;
			sourceTree = "<group>";
		};
		59BA736B1D6B25A800DB9FF9 /* LaunchScreen.storyboard */ = {
			isa = PBXVariantGroup;
			children = (
				59BA736C1D6B25A800DB9FF9 /* Base */,
			);
			name = LaunchScreen.storyboard;
			sourceTree = "<group>";
		};
/* End PBXVariantGroup section */

/* Begin XCBuildConfiguration section */
		59BA73851D6B25A800DB9FF9 /* Debug */ = {
			isa = XCBuildConfiguration;
			buildSettings = {
				ALWAYS_SEARCH_USER_PATHS = NO;
				CLANG_CXX_LANGUAGE_STANDARD = "gnu++0x";
				CLANG_CXX_LIBRARY = "libc++";
				CLANG_ENABLE_MODULES = YES;
				CLANG_ENABLE_OBJC_ARC = YES;
				CLANG_WARN_BOOL_CONVERSION = YES;
				CLANG_WARN_CONSTANT_CONVERSION = YES;
				CLANG_WARN_DIRECT_OBJC_ISA_USAGE = YES_ERROR;
				CLANG_WARN_EMPTY_BODY = YES;
				CLANG_WARN_ENUM_CONVERSION = YES;
				CLANG_WARN_INT_CONVERSION = YES;
				CLANG_WARN_OBJC_ROOT_CLASS = YES_ERROR;
				CLANG_WARN_UNREACHABLE_CODE = YES;
				CLANG_WARN__DUPLICATE_METHOD_MATCH = YES;
				"CODE_SIGN_IDENTITY[sdk=iphoneos*]" = "iPhone Developer";
				COPY_PHASE_STRIP = NO;
				DEBUG_INFORMATION_FORMAT = dwarf;
				ENABLE_STRICT_OBJC_MSGSEND = YES;
				ENABLE_TESTABILITY = YES;
				GCC_C_LANGUAGE_STANDARD = gnu99;
				GCC_DYNAMIC_NO_PIC = NO;
				GCC_NO_COMMON_BLOCKS = YES;
				GCC_OPTIMIZATION_LEVEL = 0;
				GCC_PREPROCESSOR_DEFINITIONS = (
					"DEBUG=1",
					"$(inherited)",
				);
				GCC_WARN_64_TO_32_BIT_CONVERSION = YES;
				GCC_WARN_ABOUT_RETURN_TYPE = YES_ERROR;
				GCC_WARN_UNDECLARED_SELECTOR = YES;
				GCC_WARN_UNINITIALIZED_AUTOS = YES_AGGRESSIVE;
				GCC_WARN_UNUSED_FUNCTION = YES;
				GCC_WARN_UNUSED_VARIABLE = YES;
				IPHONEOS_DEPLOYMENT_TARGET = 9.2;
				MTL_ENABLE_DEBUG_INFO = YES;
				ONLY_ACTIVE_ARCH = YES;
				SDKROOT = iphoneos;
				SWIFT_OPTIMIZATION_LEVEL = "-Onone";
				TARGETED_DEVICE_FAMILY = "1,2";
			};
			name = Debug;
		};
		59BA73861D6B25A800DB9FF9 /* Release */ = {
			isa = XCBuildConfiguration;
			buildSettings = {
				ALWAYS_SEARCH_USER_PATHS = NO;
				CLANG_CXX_LANGUAGE_STANDARD = "gnu++0x";
				CLANG_CXX_LIBRARY = "libc++";
				CLANG_ENABLE_MODULES = YES;
				CLANG_ENABLE_OBJC_ARC = YES;
				CLANG_WARN_BOOL_CONVERSION = YES;
				CLANG_WARN_CONSTANT_CONVERSION = YES;
				CLANG_WARN_DIRECT_OBJC_ISA_USAGE = YES_ERROR;
				CLANG_WARN_EMPTY_BODY = YES;
				CLANG_WARN_ENUM_CONVERSION = YES;
				CLANG_WARN_INT_CONVERSION = YES;
				CLANG_WARN_OBJC_ROOT_CLASS = YES_ERROR;
				CLANG_WARN_UNREACHABLE_CODE = YES;
				CLANG_WARN__DUPLICATE_METHOD_MATCH = YES;
				"CODE_SIGN_IDENTITY[sdk=iphoneos*]" = "iPhone Developer";
				COPY_PHASE_STRIP = NO;
				DEBUG_INFORMATION_FORMAT = "dwarf-with-dsym";
				ENABLE_NS_ASSERTIONS = NO;
				ENABLE_STRICT_OBJC_MSGSEND = YES;
				GCC_C_LANGUAGE_STANDARD = gnu99;
				GCC_NO_COMMON_BLOCKS = YES;
				GCC_WARN_64_TO_32_BIT_CONVERSION = YES;
				GCC_WARN_ABOUT_RETURN_TYPE = YES_ERROR;
				GCC_WARN_UNDECLARED_SELECTOR = YES;
				GCC_WARN_UNINITIALIZED_AUTOS = YES_AGGRESSIVE;
				GCC_WARN_UNUSED_FUNCTION = YES;
				GCC_WARN_UNUSED_VARIABLE = YES;
				IPHONEOS_DEPLOYMENT_TARGET = 9.2;
				MTL_ENABLE_DEBUG_INFO = NO;
				SDKROOT = iphoneos;
				TARGETED_DEVICE_FAMILY = "1,2";
				VALIDATE_PRODUCT = YES;
			};
			name = Release;
		};
		59BA73881D6B25A800DB9FF9 /* Debug */ = {
			isa = XCBuildConfiguration;
			baseConfigurationReference = 26391496025F7AE44B5B1605 /* Pods-Filla.debug.xcconfig */;
			buildSettings = {
				ASSETCATALOG_COMPILER_APPICON_NAME = AppIcon;
				INFOPLIST_FILE = Filla/Info.plist;
				LD_RUNPATH_SEARCH_PATHS = "$(inherited) @executable_path/Frameworks";
				PRODUCT_BUNDLE_IDENTIFIER = webplatform.io.Filla;
				PRODUCT_NAME = "$(TARGET_NAME)";
			};
			name = Debug;
		};
		59BA73891D6B25A800DB9FF9 /* Release */ = {
			isa = XCBuildConfiguration;
			baseConfigurationReference = CF746E871D7CCC0F5486ABB7 /* Pods-Filla.release.xcconfig */;
			buildSettings = {
				ASSETCATALOG_COMPILER_APPICON_NAME = AppIcon;
				INFOPLIST_FILE = Filla/Info.plist;
				LD_RUNPATH_SEARCH_PATHS = "$(inherited) @executable_path/Frameworks";
				PRODUCT_BUNDLE_IDENTIFIER = webplatform.io.Filla;
				PRODUCT_NAME = "$(TARGET_NAME)";
			};
			name = Release;
		};
		59BA738B1D6B25A800DB9FF9 /* Debug */ = {
			isa = XCBuildConfiguration;
			baseConfigurationReference = 8FA9C7902D0131BE712FBF52 /* Pods-FillaTests.debug.xcconfig */;
			buildSettings = {
				BUNDLE_LOADER = "$(TEST_HOST)";
				INFOPLIST_FILE = FillaTests/Info.plist;
				LD_RUNPATH_SEARCH_PATHS = "$(inherited) @executable_path/Frameworks @loader_path/Frameworks";
				PRODUCT_BUNDLE_IDENTIFIER = webplatform.io.FillaTests;
				PRODUCT_NAME = "$(TARGET_NAME)";
				TEST_HOST = "$(BUILT_PRODUCTS_DIR)/Filla.app/Filla";
			};
			name = Debug;
		};
		59BA738C1D6B25A800DB9FF9 /* Release */ = {
			isa = XCBuildConfiguration;
			baseConfigurationReference = 954177CF8171736CC3080EB3 /* Pods-FillaTests.release.xcconfig */;
			buildSettings = {
				BUNDLE_LOADER = "$(TEST_HOST)";
				INFOPLIST_FILE = FillaTests/Info.plist;
				LD_RUNPATH_SEARCH_PATHS = "$(inherited) @executable_path/Frameworks @loader_path/Frameworks";
				PRODUCT_BUNDLE_IDENTIFIER = webplatform.io.FillaTests;
				PRODUCT_NAME = "$(TARGET_NAME)";
				TEST_HOST = "$(BUILT_PRODUCTS_DIR)/Filla.app/Filla";
			};
			name = Release;
		};
		59BA738E1D6B25A800DB9FF9 /* Debug */ = {
			isa = XCBuildConfiguration;
			buildSettings = {
				INFOPLIST_FILE = FillaUITests/Info.plist;
				LD_RUNPATH_SEARCH_PATHS = "$(inherited) @executable_path/Frameworks @loader_path/Frameworks";
				PRODUCT_BUNDLE_IDENTIFIER = webplatform.io.FillaUITests;
				PRODUCT_NAME = "$(TARGET_NAME)";
				TEST_TARGET_NAME = Filla;
				USES_XCTRUNNER = YES;
			};
			name = Debug;
		};
		59BA738F1D6B25A800DB9FF9 /* Release */ = {
			isa = XCBuildConfiguration;
			buildSettings = {
				INFOPLIST_FILE = FillaUITests/Info.plist;
				LD_RUNPATH_SEARCH_PATHS = "$(inherited) @executable_path/Frameworks @loader_path/Frameworks";
				PRODUCT_BUNDLE_IDENTIFIER = webplatform.io.FillaUITests;
				PRODUCT_NAME = "$(TARGET_NAME)";
				TEST_TARGET_NAME = Filla;
				USES_XCTRUNNER = YES;
			};
			name = Release;
		};
/* End XCBuildConfiguration section */

/* Begin XCConfigurationList section */
		59BA73571D6B25A400DB9FF9 /* Build configuration list for PBXProject "Filla" */ = {
			isa = XCConfigurationList;
			buildConfigurations = (
				59BA73851D6B25A800DB9FF9 /* Debug */,
				59BA73861D6B25A800DB9FF9 /* Release */,
			);
			defaultConfigurationIsVisible = 0;
			defaultConfigurationName = Release;
		};
		59BA73871D6B25A800DB9FF9 /* Build configuration list for PBXNativeTarget "Filla" */ = {
			isa = XCConfigurationList;
			buildConfigurations = (
				59BA73881D6B25A800DB9FF9 /* Debug */,
				59BA73891D6B25A800DB9FF9 /* Release */,
			);
			defaultConfigurationIsVisible = 0;
			defaultConfigurationName = Release;
		};
		59BA738A1D6B25A800DB9FF9 /* Build configuration list for PBXNativeTarget "FillaTests" */ = {
			isa = XCConfigurationList;
			buildConfigurations = (
				59BA738B1D6B25A800DB9FF9 /* Debug */,
				59BA738C1D6B25A800DB9FF9 /* Release */,
			);
			defaultConfigurationIsVisible = 0;
			defaultConfigurationName = Release;
		};
		59BA738D1D6B25A800DB9FF9 /* Build configuration list for PBXNativeTarget "FillaUITests" */ = {
			isa = XCConfigurationList;
			buildConfigurations = (
				59BA738E1D6B25A800DB9FF9 /* Debug */,
				59BA738F1D6B25A800DB9FF9 /* Release */,
			);
			defaultConfigurationIsVisible = 0;
			defaultConfigurationName = Release;
		};
/* End XCConfigurationList section */

/* Begin XCVersionGroup section */
		59BA73661D6B25A800DB9FF9 /* Filla.xcdatamodeld */ = {
			isa = XCVersionGroup;
			children = (
				59BA73671D6B25A800DB9FF9 /* Filla.xcdatamodel */,
			);
			currentVersion = 59BA73671D6B25A800DB9FF9 /* Filla.xcdatamodel */;
			path = Filla.xcdatamodeld;
			sourceTree = "<group>";
			versionGroupType = wrapper.xcdatamodel;
		};
/* End XCVersionGroup section */
	};
	rootObject = 59BA73541D6B25A400DB9FF9 /* Project object */;
}
